Microsoft Visual Studio Solution File, Format Version 12.00
# Visual Studio Version 17
VisualStudioVersion = 17.5.2.0
MinimumVisualStudioVersion = 10.0.40219.1
Project("{FAE04EC0-301F-11D3-BF4B-00C04F79EFBC}") = "CSharpApp", "CSharpApp.csproj", "{9005817C-61D4-5588-3B48-614FC56A049A}"
EndProject
Global
	GlobalSection(SolutionConfigurationPlatforms) = preSolution
		Debug|Any CPU = Debug|Any CPU
		Release|Any CPU = Release|Any CPU
	EndGlobalSection
	GlobalSection(ProjectConfigurationPlatforms) = postSolution
		{9005817C-61D4-5588-3B48-614FC56A049A}.Debug|Any CPU.ActiveCfg = Debug|Any CPU
		{9005817C-61D4-5588-3B48-614FC56A049A}.Debug|Any CPU.Build.0 = Debug|Any CPU
		{9005817C-61D4-5588-3B48-614FC56A049A}.Release|Any CPU.ActiveCfg = Release|Any CPU
		{9005817C-61D4-5588-3B48-614FC56A049A}.Release|Any CPU.Build.0 = Release|Any CPU
	EndGlobalSection
	GlobalSection(SolutionProperties) = preSolution
		HideSolutionNode = FALSE
	EndGlobalSection
	GlobalSection(ExtensibilityGlobals) = postSolution
		SolutionGuid = {041E7EEA-6601-4C9F-BC20-7E4AB0AC3E06}
	EndGlobalSection
EndGlobal
